
Microsoft Visual Studio Solution File, Format Version 11.00
# Visual Studio 2010
# SharpDevelop 4.2.0.8342-alpha
Project("{FAE04EC0-301F-11D3-BF4B-00C04F79EFBC}") = "IExtendFramework", "IExtendFramework.csproj", "{555B1E7D-E629-48A7-87A4-0AFBB69290FC}"
EndProject
Project("{FAE04EC0-301F-11D3-BF4B-00C04F79EFBC}") = "IExtendFrameworkTester", "..\IExtendFrameworkTester\IExtendFrameworkTester.csproj", "{151A159A-270F-4BF0-8840-3F781418DA34}"
EndProject
Project("{FAE04EC0-301F-11D3-BF4B-00C04F79EFBC}") = "ParserTest", "..\ParserTest\ParserTest.csproj", "{42981291-B1D8-4DB1-A0A6-49DAEBE8F3EC}"
EndProject
Global
	GlobalSection(SolutionConfigurationPlatforms) = preSolution
		Debug|x86 = Debug|x86
		Release|x86 = Release|x86
		Debug|Any CPU = Debug|Any CPU
		Release|Any CPU = Release|Any CPU
	EndGlobalSection
	GlobalSection(ProjectConfigurationPlatforms) = postSolution
		{555B1E7D-E629-48A7-87A4-0AFBB69290FC}.Debug|x86.Build.0 = Debug|x86
		{555B1E7D-E629-48A7-87A4-0AFBB69290FC}.Debug|x86.ActiveCfg = Debug|x86
		{555B1E7D-E629-48A7-87A4-0AFBB69290FC}.Release|x86.Build.0 = Release|x86
		{555B1E7D-E629-48A7-87A4-0AFBB69290FC}.Release|x86.ActiveCfg = Release|x86
		{151A159A-270F-4BF0-8840-3F781418DA34}.Debug|x86.Build.0 = Debug|x86
		{151A159A-270F-4BF0-8840-3F781418DA34}.Debug|x86.ActiveCfg = Debug|x86
		{151A159A-270F-4BF0-8840-3F781418DA34}.Release|x86.Build.0 = Release|x86
		{151A159A-270F-4BF0-8840-3F781418DA34}.Release|x86.ActiveCfg = Release|x86
		{42981291-B1D8-4DB1-A0A6-49DAEBE8F3EC}.Debug|x86.Build.0 = Debug|x86
		{42981291-B1D8-4DB1-A0A6-49DAEBE8F3EC}.Debug|x86.ActiveCfg = Debug|x86
		{42981291-B1D8-4DB1-A0A6-49DAEBE8F3EC}.Debug|Any CPU.Build.0 = Debug|x86
		{42981291-B1D8-4DB1-A0A6-49DAEBE8F3EC}.Debug|Any CPU.ActiveCfg = Debug|x86
		{42981291-B1D8-4DB1-A0A6-49DAEBE8F3EC}.Release|x86.Build.0 = Release|x86
		{42981291-B1D8-4DB1-A0A6-49DAEBE8F3EC}.Release|x86.ActiveCfg = Release|x86
		{42981291-B1D8-4DB1-A0A6-49DAEBE8F3EC}.Release|Any CPU.Build.0 = Release|x86
		{42981291-B1D8-4DB1-A0A6-49DAEBE8F3EC}.Release|Any CPU.ActiveCfg = Release|x86
	EndGlobalSection
EndGlobal
